// !$*UTF8*$!
{
	archiveVersion = 1;
	classes = {
	};
	objectVersion = 46;
	objects = {

/* Begin PBXBuildFile section */
		8C09F9F51BDE2E5C00DD457E /* AppDelegate.swift in Sources */ = {isa = PBXBuildFile; fileRef = 8C09F9F41BDE2E5C00DD457E /* AppDelegate.swift */; };
		8C09F9F71BDE2E5C00DD457E /* ViewController.swift in Sources */ = {isa = PBXBuildFile; fileRef = 8C09F9F61BDE2E5C00DD457E /* ViewController.swift */; };
		8C09F9F91BDE2E5C00DD457E /* Assets.xcassets in Resources */ = {isa = PBXBuildFile; fileRef = 8C09F9F81BDE2E5C00DD457E /* Assets.xcassets */; };
		8C09F9FC1BDE2E5C00DD457E /* Main.storyboard in Resources */ = {isa = PBXBuildFile; fileRef = 8C09F9FA1BDE2E5C00DD457E /* Main.storyboard */; };
		8C09FA041BDE324500DD457E /* MCDragAndDropImageView.swift in Sources */ = {isa = PBXBuildFile; fileRef = 8C09FA031BDE324500DD457E /* MCDragAndDropImageView.swift */; };
		8C09FA0C1BDF5F7300DD457E /* MCWindow.swift in Sources */ = {isa = PBXBuildFile; fileRef = 8C09FA0B1BDF5F7300DD457E /* MCWindow.swift */; };
/* End PBXBuildFile section */

/* Begin PBXFileReference section */
		8C09F9F11BDE2E5C00DD457E /* LayerX.app */ = {isa = PBXFileReference; explicitFileType = wrapper.application; includeInIndex = 0; path = LayerX.app; sourceTree = BUILT_PRODUCTS_DIR; };
		8C09F9F41BDE2E5C00DD457E /* AppDelegate.swift */ = {isa = PBXFileReference; lastKnownFileType = sourcecode.swift; path = AppDelegate.swift; sourceTree = "<group>"; };
		8C09F9F61BDE2E5C00DD457E /* ViewController.swift */ = {isa = PBXFileReference; lastKnownFileType = sourcecode.swift; path = ViewController.swift; sourceTree = "<group>"; };
		8C09F9F81BDE2E5C00DD457E /* Assets.xcassets */ = {isa = PBXFileReference; lastKnownFileType = folder.assetcatalog; path = Assets.xcassets; sourceTree = "<group>"; };
		8C09F9FB1BDE2E5C00DD457E /* Base */ = {isa = PBXFileReference; lastKnownFileType = file.storyboard; name = Base; path = Base.lproj/Main.storyboard; sourceTree = "<group>"; };
		8C09F9FD1BDE2E5C00DD457E /* Info.plist */ = {isa = PBXFileReference; lastKnownFileType = text.plist.xml; path = Info.plist; sourceTree = "<group>"; };
		8C09FA031BDE324500DD457E /* MCDragAndDropImageView.swift */ = {isa = PBXFileReference; fileEncoding = 4; lastKnownFileType = sourcecode.swift; path = MCDragAndDropImageView.swift; sourceTree = "<group>"; };
		8C09FA0B1BDF5F7300DD457E /* MCWindow.swift */ = {isa = PBXFileReference; fileEncoding = 4; lastKnownFileType = sourcecode.swift; path = MCWindow.swift; sourceTree = "<group>"; };
/* End PBXFileReference section */

/* Begin PBXFrameworksBuildPhase section */
		8C09F9EE1BDE2E5C00DD457E /* Frameworks */ = {
			isa = PBXFrameworksBuildPhase;
			buildActionMask = 2147483647;
			files = (
			);
			runOnlyForDeploymentPostprocessing = 0;
		};
/* End PBXFrameworksBuildPhase section */

/* Begin PBXGroup section */
		8C09F9E81BDE2E5C00DD457E = {
			isa = PBXGroup;
			children = (
				8C09F9F31BDE2E5C00DD457E /* LayerX */,
				8C09F9F21BDE2E5C00DD457E /* Products */,
			);
			sourceTree = "<group>";
		};
		8C09F9F21BDE2E5C00DD457E /* Products */ = {
			isa = PBXGroup;
			children = (
				8C09F9F11BDE2E5C00DD457E /* LayerX.app */,
			);
			name = Products;
			sourceTree = "<group>";
		};
		8C09F9F31BDE2E5C00DD457E /* LayerX */ = {
			isa = PBXGroup;
			children = (
				8C09F9F41BDE2E5C00DD457E /* AppDelegate.swift */,
				8C09FA0B1BDF5F7300DD457E /* MCWindow.swift */,
				8C09F9F61BDE2E5C00DD457E /* ViewController.swift */,
				8C09FA031BDE324500DD457E /* MCDragAndDropImageView.swift */,
				8C09F9F81BDE2E5C00DD457E /* Assets.xcassets */,
				8C09F9FA1BDE2E5C00DD457E /* Main.storyboard */,
				8C09F9FD1BDE2E5C00DD457E /* Info.plist */,
			);
			path = LayerX;
			sourceTree = "<group>";
		};
/* End PBXGroup section */

/* Begin PBXNativeTarget section */
		8C09F9F01BDE2E5C00DD457E /* LayerX */ = {
			isa = PBXNativeTarget;
			buildConfigurationList = 8C09FA001BDE2E5C00DD457E /* Build configuration list for PBXNativeTarget "LayerX" */;
			buildPhases = (
				8C09F9ED1BDE2E5C00DD457E /* Sources */,
				8C09F9EE1BDE2E5C00DD457E /* Frameworks */,
				8C09F9EF1BDE2E5C00DD457E /* Resources */,
			);
			buildRules = (
			);
			dependencies = (
			);
			name = LayerX;
			productName = LayerX;
			productReference = 8C09F9F11BDE2E5C00DD457E /* LayerX.app */;
			productType = "com.apple.product-type.application";
		};
/* End PBXNativeTarget section */

/* Begin PBXProject section */
		8C09F9E91BDE2E5C00DD457E /* Project object */ = {
			isa = PBXProject;
			attributes = {
				LastUpgradeCheck = 0700;
				ORGANIZATIONNAME = "Michael Chen";
				TargetAttributes = {
					8C09F9F01BDE2E5C00DD457E = {
						CreatedOnToolsVersion = 7.0;
						LastSwiftMigration = 0800;
					};
				};
			};
			buildConfigurationList = 8C09F9EC1BDE2E5C00DD457E /* Build configuration list for PBXProject "LayerX" */;
			compatibilityVersion = "Xcode 3.2";
			developmentRegion = English;
			hasScannedForEncodings = 0;
			knownRegions = (
				English,
				en,
				Base,
			);
			mainGroup = 8C09F9E81BDE2E5C00DD457E;
			productRefGroup = 8C09F9F21BDE2E5C00DD457E /* Products */;
			projectDirPath = "";
			projectRoot = "";
			targets = (
				8C09F9F01BDE2E5C00DD457E /* LayerX */,
			);
		};
/* End PBXProject section */

/* Begin PBXResourcesBuildPhase section */
		8C09F9EF1BDE2E5C00DD457E /* Resources */ = {
			isa = PBXResourcesBuildPhase;
			buildActionMask = 2147483647;
			files = (
				8C09F9F91BDE2E5C00DD457E /* Assets.xcassets in Resources */,
				8C09F9FC1BDE2E5C00DD457E /* Main.storyboard in Resources */,
			);
			runOnlyForDeploymentPostprocessing = 0;
		};
/* End PBXResourcesBuildPhase section */

/* Begin PBXSourcesBuildPhase section */
		8C09F9ED1BDE2E5C00DD457E /* Sources */ = {
			isa = PBXSourcesBuildPhase;
			buildActionMask = 2147483647;
			files = (
				8C09F9F71BDE2E5C00DD457E /* ViewController.swift in Sources */,
				8C09FA0C1BDF5F7300DD457E /* MCWindow.swift in Sources */,
				8C09F9F51BDE2E5C00DD457E /* AppDelegate.swift in Sources */,
				8C09FA041BDE324500DD457E /* MCDragAndDropImageView.swift in Sources */,
			);
			runOnlyForDeploymentPostprocessing = 0;
		};
/* End PBXSourcesBuildPhase section */

/* Begin PBXVariantGroup section */
		8C09F9FA1BDE2E5C00DD457E /* Main.storyboard */ = {
			isa = PBXVariantGroup;
			children = (
				8C09F9FB1BDE2E5C00DD457E /* Base */,
			);
			name = Main.storyboard;
			sourceTree = "<group>";
		};
/* End PBXVariantGroup section */

/* Begin XCBuildConfiguration section */
		8C09F9FE1BDE2E5C00DD457E /* Debug */ = {
			isa = XCBuildConfiguration;
			buildSettings = {
				ALWAYS_SEARCH_USER_PATHS = NO;
				CLANG_CXX_LANGUAGE_STANDARD = "gnu++0x";
				CLANG_CXX_LIBRARY = "libc++";
				CLANG_ENABLE_MODULES = YES;
				CLANG_ENABLE_OBJC_ARC = YES;
				CLANG_WARN_BOOL_CONVERSION = YES;
				CLANG_WARN_CONSTANT_CONVERSION = YES;
				CLANG_WARN_DIRECT_OBJC_ISA_USAGE = YES_ERROR;
				CLANG_WARN_EMPTY_BODY = YES;
				CLANG_WARN_ENUM_CONVERSION = YES;
				CLANG_WARN_INT_CONVERSION = YES;
				CLANG_WARN_OBJC_ROOT_CLASS = YES_ERROR;
				CLANG_WARN_UNREACHABLE_CODE = YES;
				CLANG_WARN__DUPLICATE_METHOD_MATCH = YES;
				CODE_SIGN_IDENTITY = "-";
				COPY_PHASE_STRIP = NO;
				DEBUG_INFORMATION_FORMAT = dwarf;
				ENABLE_STRICT_OBJC_MSGSEND = YES;
				ENABLE_TESTABILITY = YES;
				GCC_C_LANGUAGE_STANDARD = gnu99;
				GCC_DYNAMIC_NO_PIC = NO;
				GCC_NO_COMMON_BLOCKS = YES;
				GCC_OPTIMIZATION_LEVEL = 0;
				GCC_PREPROCESSOR_DEFINITIONS = (
					"DEBUG=1",
					"$(inherited)",
				);
				GCC_WARN_64_TO_32_BIT_CONVERSION = YES;
				GCC_WARN_ABOUT_RETURN_TYPE = YES_ERROR;
				GCC_WARN_UNDECLARED_SELECTOR = YES;
				GCC_WARN_UNINITIALIZED_AUTOS = YES_AGGRESSIVE;
				GCC_WARN_UNUSED_FUNCTION = YES;
				GCC_WARN_UNUSED_VARIABLE = YES;
				MACOSX_DEPLOYMENT_TARGET = 10.13;
				MTL_ENABLE_DEBUG_INFO = YES;
				ONLY_ACTIVE_ARCH = YES;
				SDKROOT = macosx;
				SWIFT_OPTIMIZATION_LEVEL = "-Onone";
				SWIFT_VERSION = 5.0;
			};
			name = Debug;
		};
		8C09F9FF1BDE2E5C00DD457E /* Release */ = {
			isa = XCBuildConfiguration;
			buildSettings = {
				ALWAYS_SEARCH_USER_PATHS = NO;
				CLANG_CXX_LANGUAGE_STANDARD = "gnu++0x";
				CLANG_CXX_LIBRARY = "libc++";
				CLANG_ENABLE_MODULES = YES;
				CLANG_ENABLE_OBJC_ARC = YES;
				CLANG_WARN_BOOL_CONVERSION = YES;
				CLANG_WARN_CONSTANT_CONVERSION = YES;
				CLANG_WARN_DIRECT_OBJC_ISA_USAGE = YES_ERROR;
				CLANG_WARN_EMPTY_BODY = YES;
				CLANG_WARN_ENUM_CONVERSION = YES;
				CLANG_WARN_INT_CONVERSION = YES;
				CLANG_WARN_OBJC_ROOT_CLASS = YES_ERROR;
				CLANG_WARN_UNREACHABLE_CODE = YES;
				CLANG_WARN__DUPLICATE_METHOD_MATCH = YES;
				CODE_SIGN_IDENTITY = "-";
				COPY_PHASE_STRIP = NO;
				DEBUG_INFORMATION_FORMAT = "dwarf-with-dsym";
				ENABLE_NS_ASSERTIONS = NO;
				ENABLE_STRICT_OBJC_MSGSEND = YES;
				GCC_C_LANGUAGE_STANDARD = gnu99;
				GCC_NO_COMMON_BLOCKS = YES;
				GCC_WARN_64_TO_32_BIT_CONVERSION = YES;
				GCC_WARN_ABOUT_RETURN_TYPE = YES_ERROR;
				GCC_WARN_UNDECLARED_SELECTOR = YES;
				GCC_WARN_UNINITIALIZED_AUTOS = YES_AGGRESSIVE;
				GCC_WARN_UNUSED_FUNCTION = YES;
				GCC_WARN_UNUSED_VARIABLE = YES;
				MACOSX_DEPLOYMENT_TARGET = 10.13;
				MTL_ENABLE_DEBUG_INFO = NO;
				SDKROOT = macosx;
				SWIFT_VERSION = 5.0;
			};
			name = Release;
		};
		8C09FA011BDE2E5C00DD457E /* Debug */ = {
			isa = XCBuildConfiguration;
			buildSettings = {
				ASSETCATALOG_COMPILER_APPICON_NAME = AppIcon;
				COMBINE_HIDPI_IMAGES = YES;
				INFOPLIST_FILE = LayerX/Info.plist;
				LD_RUNPATH_SEARCH_PATHS = "$(inherited) @executable_path/../Frameworks";
				PRODUCT_BUNDLE_IDENTIFIER = io.michaelchen.LayerX;
				PRODUCT_NAME = "$(TARGET_NAME)";
			};
			name = Debug;
		};
		8C09FA021BDE2E5C00DD457E /* Release */ = {
			isa = XCBuildConfiguration;
			buildSettings = {
				ASSETCATALOG_COMPILER_APPICON_NAME = AppIcon;
				COMBINE_HIDPI_IMAGES = YES;
				INFOPLIST_FILE = LayerX/Info.plist;
				LD_RUNPATH_SEARCH_PATHS = "$(inherited) @executable_path/../Frameworks";
				PRODUCT_BUNDLE_IDENTIFIER = io.michaelchen.LayerX;
				PRODUCT_NAME = "$(TARGET_NAME)";
			};
			name = Release;
		};
/* End XCBuildConfiguration section */

/* Begin XCConfigurationList section */
		8C09F9EC1BDE2E5C00DD457E /* Build configuration list for PBXProject "LayerX" */ = {
			isa = XCConfigurationList;
			buildConfigurations = (
				8C09F9FE1BDE2E5C00DD457E /* Debug */,
				8C09F9FF1BDE2E5C00DD457E /* Release */,
			);
			defaultConfigurationIsVisible = 0;
			defaultConfigurationName = Release;
		};
		8C09FA001BDE2E5C00DD457E /* Build configuration list for PBXNativeTarget "LayerX" */ = {
			isa = XCConfigurationList;
			buildConfigurations = (
				8C09FA011BDE2E5C00DD457E /* Debug */,
				8C09FA021BDE2E5C00DD457E /* Release */,
			);
			defaultConfigurationIsVisible = 0;
			defaultConfigurationName = Release;
		};
/* End XCConfigurationList section */
	};
	rootObject = 8C09F9E91BDE2E5C00DD457E /* Project object */;
}
